
Microsoft Visual Studio Solution File, Format Version 12.00
# Visual Studio Version 16
VisualStudioVersion = 16.0.29306.81
MinimumVisualStudioVersion = 10.0.40219.1
Project("{FAE04EC0-301F-11D3-BF4B-00C04F79EFBC}") = "TreeSize", "TreeSize\TreeSize.csproj", "{35DB1DBA-BA14-4AC4-9675-CBB6980D450D}"
EndProject
Global
	GlobalSection(SolutionConfigurationPlatforms) = preSolution
		Debug|Any CPU = Debug|Any CPU
		Release|Any CPU = Release|Any CPU
	EndGlobalSection
	GlobalSection(ProjectConfigurationPlatforms) = postSolution
		{35DB1DBA-BA14-4AC4-9675-CBB6980D450D}.Debug|Any CPU.ActiveCfg = Debug|Any CPU
		{35DB1DBA-BA14-4AC4-9675-CBB6980D450D}.Debug|Any CPU.Build.0 = Debug|Any CPU
		{35DB1DBA-BA14-4AC4-9675-CBB6980D450D}.Release|Any CPU.ActiveCfg = Release|Any CPU
		{35DB1DBA-BA14-4AC4-9675-CBB6980D450D}.Release|Any CPU.Build.0 = Release|Any CPU
	EndGlobalSection
	GlobalSection(SolutionProperties) = preSolution
		HideSolutionNode = FALSE
	EndGlobalSection
	GlobalSection(ExtensibilityGlobals) = postSolution
		SolutionGuid = {BE66DAD3-DB87-4BFB-8852-6F2438C43EF1}
	EndGlobalSection
EndGlobal
